Microsoft Visual Studio Solution File, Format Version 11.00
# Visual Studio 2008

Project("{BB3B807C-6396-C151-C831-C7FB78E18EC2}") = "Curling", "Assembly-CSharp-firstpass.csproj", "{AEACBD31-A293-2C39-E588-5607DE542926}"
EndProject
Project("{BB3B807C-6396-C151-C831-C7FB78E18EC2}") = "Curling", "Assembly-CSharp.csproj", "{F567E645-FC36-90B3-7246-B1E14C98A8D9}"
EndProject
Project("{BB3B807C-6396-C151-C831-C7FB78E18EC2}") = "Curling", "Assembly-CSharp-Editor.csproj", "{48BA8F4F-EA50-9993-D082-84BBAF157C24}"
EndProject
Global
	GlobalSection(SolutionConfigurationPlatforms) = preSolution
		Debug|Any CPU = Debug|Any CPU
		Release|Any CPU = Release|Any CPU
	EndGlobalSection
	GlobalSection(ProjectConfigurationPlatforms) = postSolution
		{AEACBD31-A293-2C39-E588-5607DE542926}.Debug|Any CPU.ActiveCfg = Debug|Any CPU
		{AEACBD31-A293-2C39-E588-5607DE542926}.Debug|Any CPU.Build.0 = Debug|Any CPU
		{AEACBD31-A293-2C39-E588-5607DE542926}.Release|Any CPU.ActiveCfg = Release|Any CPU
		{AEACBD31-A293-2C39-E588-5607DE542926}.Release|Any CPU.Build.0 = Release|Any CPU
		{F567E645-FC36-90B3-7246-B1E14C98A8D9}.Debug|Any CPU.ActiveCfg = Debug|Any CPU
		{F567E645-FC36-90B3-7246-B1E14C98A8D9}.Debug|Any CPU.Build.0 = Debug|Any CPU
		{F567E645-FC36-90B3-7246-B1E14C98A8D9}.Release|Any CPU.ActiveCfg = Release|Any CPU
		{F567E645-FC36-90B3-7246-B1E14C98A8D9}.Release|Any CPU.Build.0 = Release|Any CPU
		{48BA8F4F-EA50-9993-D082-84BBAF157C24}.Debug|Any CPU.ActiveCfg = Debug|Any CPU
		{48BA8F4F-EA50-9993-D082-84BBAF157C24}.Debug|Any CPU.Build.0 = Debug|Any CPU
		{48BA8F4F-EA50-9993-D082-84BBAF157C24}.Release|Any CPU.ActiveCfg = Release|Any CPU
		{48BA8F4F-EA50-9993-D082-84BBAF157C24}.Release|Any CPU.Build.0 = Release|Any CPU
	EndGlobalSection
	GlobalSection(SolutionProperties) = preSolution
		HideSolutionNode = FALSE
	EndGlobalSection
																													GlobalSection(MonoDevelopProperties) = preSolution
		StartupItem = Assembly-CSharp.csproj
		Policies = $0
		$0.TextStylePolicy = $1
		$1.inheritsSet = null
		$1.scope = text/x-csharp
		$0.CSharpFormattingPolicy = $2
		$2.inheritsSet = Mono
		$2.inheritsScope = text/x-csharp
		$2.scope = text/x-csharp
		$0.TextStylePolicy = $3
		$3.FileWidth = 120
		$3.TabWidth = 4
		$3.IndentWidth = 4
		$3.EolMarker = Unix
		$3.inheritsSet = Mono
		$3.inheritsScope = text/plain
		$3.scope = text/plain
	EndGlobalSection

EndGlobal
